{
  "name": "adminapl",
  "lockfileVersion": 3,
  "requires": true,
  "packages": {
    "": {
      "dependencies": {
        "air-datepicker": "^3.4.0"
      }
    },
    "node_modules/air-datepicker": {
      "version": "3.4.0",
      "resolved": "https://registry.npmjs.org/air-datepicker/-/air-datepicker-3.4.0.tgz",
      "integrity": "sha512-MFr+2QYdHgrbd6Ah32hxoSCsmNJdrhYSkhr6hhefLpJBtsvX7zdYSvizsCJg15B2000NrEXep8UCYOsWy39iiw=="
    }
  }
}
